// !$*UTF8*$!
{
	archiveVersion = 1;
	classes = {
	};
	objectVersion = 46;
	objects = {

/* Begin PBXBuildFile section */
		049800F6195330D300E5DCA3 /* Foundation.framework in Frameworks */ = {isa = PBXBuildFile; fileRef = 049800F5195330D300E5DCA3 /* Foundation.framework */; };
		049800F8195330D300E5DCA3 /* CoreGraphics.framework in Frameworks */ = {isa = PBXBuildFile; fileRef = 049800F7195330D300E5DCA3 /* CoreGraphics.framework */; };
		049800FA195330D300E5DCA3 /* UIKit.framework in Frameworks */ = {isa = PBXBuildFile; fileRef = 049800F9195330D300E5DCA3 /* UIKit.framework */; };
		04980100195330D300E5DCA3 /* InfoPlist.strings in Resources */ = {isa = PBXBuildFile; fileRef = 049800FE195330D300E5DCA3 /* InfoPlist.strings */; };
		04980102195330D300E5DCA3 /* main.m in Sources */ = {isa = PBXBuildFile; fileRef = 04980101195330D300E5DCA3 /* main.m */; };
		04980106195330D300E5DCA3 /* TVAppDelegate.m in Sources */ = {isa = PBXBuildFile; fileRef = 04980105195330D300E5DCA3 /* TVAppDelegate.m */; };
		04980109195330D300E5DCA3 /* Main.storyboard in Resources */ = {isa = PBXBuildFile; fileRef = 04980107195330D300E5DCA3 /* Main.storyboard */; };
		0498010C195330D300E5DCA3 /* TVViewController.m in Sources */ = {isa = PBXBuildFile; fileRef = 0498010B195330D300E5DCA3 /* TVViewController.m */; };
		0498010E195330D300E5DCA3 /* Images.xcassets in Resources */ = {isa = PBXBuildFile; fileRef = 0498010D195330D300E5DCA3 /* Images.xcassets */; };
		04980115195330D300E5DCA3 /* XCTest.framework in Frameworks */ = {isa = PBXBuildFile; fileRef = 04980114195330D300E5DCA3 /* XCTest.framework */; };
		04980116195330D300E5DCA3 /* Foundation.framework in Frameworks */ = {isa = PBXBuildFile; fileRef = 049800F5195330D300E5DCA3 /* Foundation.framework */; };
		04980117195330D300E5DCA3 /* UIKit.framework in Frameworks */ = {isa = PBXBuildFile; fileRef = 049800F9195330D300E5DCA3 /* UIKit.framework */; };
		0498011F195330D300E5DCA3 /* InfoPlist.strings in Resources */ = {isa = PBXBuildFile; fileRef = 0498011D195330D300E5DCA3 /* InfoPlist.strings */; };
		04980121195330D300E5DCA3 /* UITableViewController_ChallengeTests.m in Sources */ = {isa = PBXBuildFile; fileRef = 04980120195330D300E5DCA3 /* UITableViewController_ChallengeTests.m */; };
/* End PBXBuildFile section */

/* Begin PBXContainerItemProxy section */
		04980118195330D300E5DCA3 /* PBXContainerItemProxy */ = {
			isa = PBXContainerItemProxy;
			containerPortal = 049800EA195330D300E5DCA3 /* Project object */;
			proxyType = 1;
			remoteGlobalIDString = 049800F1195330D300E5DCA3;
			remoteInfo = "UITableViewController Challenge";
		};
/* End PBXContainerItemProxy section */

/* Begin PBXFileReference section */
		049800F2195330D300E5DCA3 /* UITableViewController Challenge.app */ = {isa = PBXFileReference; explicitFileType = wrapper.application; includeInIndex = 0; path = "UITableViewController Challenge.app"; sourceTree = BUILT_PRODUCTS_DIR; };
		049800F5195330D300E5DCA3 /* Foundation.framework */ = {isa = PBXFileReference; lastKnownFileType = wrapper.framework; name = Foundation.framework; path = System/Library/Frameworks/Foundation.framework; sourceTree = SDKROOT; };
		049800F7195330D300E5DCA3 /* CoreGraphics.framework */ = {isa = PBXFileReference; lastKnownFileType = wrapper.framework; name = CoreGraphics.framework; path = System/Library/Frameworks/CoreGraphics.framework; sourceTree = SDKROOT; };
		049800F9195330D300E5DCA3 /* UIKit.framework */ = {isa = PBXFileReference; lastKnownFileType = wrapper.framework; name = UIKit.framework; path = System/Library/Frameworks/UIKit.framework; sourceTree = SDKROOT; };
		049800FD195330D300E5DCA3 /* UITableViewController Challenge-Info.plist */ = {isa = PBXFileReference; lastKnownFileType = text.plist.xml; path = "UITableViewController Challenge-Info.plist"; sourceTree = "<group>"; };
		049800FF195330D300E5DCA3 /* en */ = {isa = PBXFileReference; lastKnownFileType = text.plist.strings; name = en; path = en.lproj/InfoPlist.strings; sourceTree = "<group>"; };
		04980101195330D300E5DCA3 /* main.m */ = {isa = PBXFileReference; lastKnownFileType = sourcecode.c.objc; path = main.m; sourceTree = "<group>"; };
		04980103195330D300E5DCA3 /* UITableViewController Challenge-Prefix.pch */ = {isa = PBXFileReference; lastKnownFileType = sourcecode.c.h; path = "UITableViewController Challenge-Prefix.pch"; sourceTree = "<group>"; };
		04980104195330D300E5DCA3 /* TVAppDelegate.h */ = {isa = PBXFileReference; lastKnownFileType = sourcecode.c.h; path = TVAppDelegate.h; sourceTree = "<group>"; };
		04980105195330D300E5DCA3 /* TVAppDelegate.m */ = {isa = PBXFileReference; lastKnownFileType = sourcecode.c.objc; path = TVAppDelegate.m; sourceTree = "<group>"; };
		04980108195330D300E5DCA3 /* Base */ = {isa = PBXFileReference; lastKnownFileType = file.storyboard; name = Base; path = Base.lproj/Main.storyboard; sourceTree = "<group>"; };
		0498010A195330D300E5DCA3 /* TVViewController.h */ = {isa = PBXFileReference; lastKnownFileType = sourcecode.c.h; path = TVViewController.h; sourceTree = "<group>"; };
		0498010B195330D300E5DCA3 /* TVViewController.m */ = {isa = PBXFileReference; lastKnownFileType = sourcecode.c.objc; path = TVViewController.m; sourceTree = "<group>"; };
		0498010D195330D300E5DCA3 /* Images.xcassets */ = {isa = PBXFileReference; lastKnownFileType = folder.assetcatalog; path = Images.xcassets; sourceTree = "<group>"; };
		04980113195330D300E5DCA3 /* UITableViewController ChallengeTests.xctest */ = {isa = PBXFileReference; explicitFileType = wrapper.cfbundle; includeInIndex = 0; path = "UITableViewController ChallengeTests.xctest"; sourceTree = BUILT_PRODUCTS_DIR; };
		04980114195330D300E5DCA3 /* XCTest.framework */ = {isa = PBXFileReference; lastKnownFileType = wrapper.framework; name = XCTest.framework; path = Library/Frameworks/XCTest.framework; sourceTree = DEVELOPER_DIR; };
		0498011C195330D300E5DCA3 /* UITableViewController ChallengeTests-Info.plist */ = {isa = PBXFileReference; lastKnownFileType = text.plist.xml; path = "UITableViewController ChallengeTests-Info.plist"; sourceTree = "<group>"; };
		0498011E195330D300E5DCA3 /* en */ = {isa = PBXFileReference; lastKnownFileType = text.plist.strings; name = en; path = en.lproj/InfoPlist.strings; sourceTree = "<group>"; };
		04980120195330D300E5DCA3 /* UITableViewController_ChallengeTests.m */ = {isa = PBXFileReference; lastKnownFileType = sourcecode.c.objc; path = UITableViewController_ChallengeTests.m; sourceTree = "<group>"; };
/* End PBXFileReference section */

/* Begin PBXFrameworksBuildPhase section */
		049800EF195330D300E5DCA3 /* Frameworks */ = {
			isa = PBXFrameworksBuildPhase;
			buildActionMask = 2147483647;
			files = (
				049800F8195330D300E5DCA3 /* CoreGraphics.framework in Frameworks */,
				049800FA195330D300E5DCA3 /* UIKit.framework in Frameworks */,
				049800F6195330D300E5DCA3 /* Foundation.framework in Frameworks */,
			);
			runOnlyForDeploymentPostprocessing = 0;
		};
		04980110195330D300E5DCA3 /* Frameworks */ = {
			isa = PBXFrameworksBuildPhase;
			buildActionMask = 2147483647;
			files = (
				04980115195330D300E5DCA3 /* XCTest.framework in Frameworks */,
				04980117195330D300E5DCA3 /* UIKit.framework in Frameworks */,
				04980116195330D300E5DCA3 /* Foundation.framework in Frameworks */,
			);
			runOnlyForDeploymentPostprocessing = 0;
		};
/* End PBXFrameworksBuildPhase section */

/* Begin PBXGroup section */
		049800E9195330D300E5DCA3 = {
			isa = PBXGroup;
			children = (
				049800FB195330D300E5DCA3 /* UITableViewController Challenge */,
				0498011A195330D300E5DCA3 /* UITableViewController ChallengeTests */,
				049800F4195330D300E5DCA3 /* Frameworks */,
				049800F3195330D300E5DCA3 /* Products */,
			);
			sourceTree = "<group>";
		};
		049800F3195330D300E5DCA3 /* Products */ = {
			isa = PBXGroup;
			children = (
				049800F2195330D300E5DCA3 /* UITableViewController Challenge.app */,
				04980113195330D300E5DCA3 /* UITableViewController ChallengeTests.xctest */,
			);
			name = Products;
			sourceTree = "<group>";
		};
		049800F4195330D300E5DCA3 /* Frameworks */ = {
			isa = PBXGroup;
			children = (
				049800F5195330D300E5DCA3 /* Foundation.framework */,
				049800F7195330D300E5DCA3 /* CoreGraphics.framework */,
				049800F9195330D300E5DCA3 /* UIKit.framework */,
				04980114195330D300E5DCA3 /* XCTest.framework */,
			);
			name = Frameworks;
			sourceTree = "<group>";
		};
		049800FB195330D300E5DCA3 /* UITableViewController Challenge */ = {
			isa = PBXGroup;
			children = (
				04980104195330D300E5DCA3 /* TVAppDelegate.h */,
				04980105195330D300E5DCA3 /* TVAppDelegate.m */,
				04980107195330D300E5DCA3 /* Main.storyboard */,
				0498010A195330D300E5DCA3 /* TVViewController.h */,
				0498010B195330D300E5DCA3 /* TVViewController.m */,
				0498010D195330D300E5DCA3 /* Images.xcassets */,
				049800FC195330D300E5DCA3 /* Supporting Files */,
			);
			path = "UITableViewController Challenge";
			sourceTree = "<group>";
		};
		049800FC195330D300E5DCA3 /* Supporting Files */ = {
			isa = PBXGroup;
			children = (
				049800FD195330D300E5DCA3 /* UITableViewController Challenge-Info.plist */,
				049800FE195330D300E5DCA3 /* InfoPlist.strings */,
				04980101195330D300E5DCA3 /* main.m */,
				04980103195330D300E5DCA3 /* UITableViewController Challenge-Prefix.pch */,
			);
			name = "Supporting Files";
			sourceTree = "<group>";
		};
		0498011A195330D300E5DCA3 /* UITableViewController ChallengeTests */ = {
			isa = PBXGroup;
			children = (
				04980120195330D300E5DCA3 /* UITableViewController_ChallengeTests.m */,
				0498011B195330D300E5DCA3 /* Supporting Files */,
			);
			path = "UITableViewController ChallengeTests";
			sourceTree = "<group>";
		};
		0498011B195330D300E5DCA3 /* Supporting Files */ = {
			isa = PBXGroup;
			children = (
				0498011C195330D300E5DCA3 /* UITableViewController ChallengeTests-Info.plist */,
				0498011D195330D300E5DCA3 /* InfoPlist.strings */,
			);
			name = "Supporting Files";
			sourceTree = "<group>";
		};
/* End PBXGroup section */

/* Begin PBXNativeTarget section */
		049800F1195330D300E5DCA3 /* UITableViewController Challenge */ = {
			isa = PBXNativeTarget;
			buildConfigurationList = 04980124195330D300E5DCA3 /* Build configuration list for PBXNativeTarget "UITableViewController Challenge" */;
			buildPhases = (
				049800EE195330D300E5DCA3 /* Sources */,
				049800EF195330D300E5DCA3 /* Frameworks */,
				049800F0195330D300E5DCA3 /* Resources */,
			);
			buildRules = (
			);
			dependencies = (
			);
			name = "UITableViewController Challenge";
			productName = "UITableViewController Challenge";
			productReference = 049800F2195330D300E5DCA3 /* UITableViewController Challenge.app */;
			productType = "com.apple.product-type.application";
		};
		04980112195330D300E5DCA3 /* UITableViewController ChallengeTests */ = {
			isa = PBXNativeTarget;
			buildConfigurationList = 04980127195330D300E5DCA3 /* Build configuration list for PBXNativeTarget "UITableViewController ChallengeTests" */;
			buildPhases = (
				0498010F195330D300E5DCA3 /* Sources */,
				04980110195330D300E5DCA3 /* Frameworks */,
				04980111195330D300E5DCA3 /* Resources */,
			);
			buildRules = (
			);
			dependencies = (
				04980119195330D300E5DCA3 /* PBXTargetDependency */,
			);
			name = "UITableViewController ChallengeTests";
			productName = "UITableViewController ChallengeTests";
			productReference = 04980113195330D300E5DCA3 /* UITableViewController ChallengeTests.xctest */;
			productType = "com.apple.product-type.bundle.unit-test";
		};
/* End PBXNativeTarget section */

/* Begin PBXProject section */
		049800EA195330D300E5DCA3 /* Project object */ = {
			isa = PBXProject;
			attributes = {
				CLASSPREFIX = TV;
				LastUpgradeCheck = 0510;
				ORGANIZATIONNAME = MEB;
				TargetAttributes = {
					04980112195330D300E5DCA3 = {
						TestTargetID = 049800F1195330D300E5DCA3;
					};
				};
			};
			buildConfigurationList = 049800ED195330D300E5DCA3 /* Build configuration list for PBXProject "UITableViewController Challenge" */;
			compatibilityVersion = "Xcode 3.2";
			developmentRegion = English;
			hasScannedForEncodings = 0;
			knownRegions = (
				en,
				Base,
			);
			mainGroup = 049800E9195330D300E5DCA3;
			productRefGroup = 049800F3195330D300E5DCA3 /* Products */;
			projectDirPath = "";
			projectRoot = "";
			targets = (
				049800F1195330D300E5DCA3 /* UITableViewController Challenge */,
				04980112195330D300E5DCA3 /* UITableViewController ChallengeTests */,
			);
		};
/* End PBXProject section */

/* Begin PBXResourcesBuildPhase section */
		049800F0195330D300E5DCA3 /* Resources */ = {
			isa = PBXResourcesBuildPhase;
			buildActionMask = 2147483647;
			files = (
				0498010E195330D300E5DCA3 /* Images.xcassets in Resources */,
				04980100195330D300E5DCA3 /* InfoPlist.strings in Resources */,
				04980109195330D300E5DCA3 /* Main.storyboard in Resources */,
			);
			runOnlyForDeploymentPostprocessing = 0;
		};
		04980111195330D300E5DCA3 /* Resources */ = {
			isa = PBXResourcesBuildPhase;
			buildActionMask = 2147483647;
			files = (
				0498011F195330D300E5DCA3 /* InfoPlist.strings in Resources */,
			);
			runOnlyForDeploymentPostprocessing = 0;
		};
/* End PBXResourcesBuildPhase section */

/* Begin PBXSourcesBuildPhase section */
		049800EE195330D300E5DCA3 /* Sources */ = {
			isa = PBXSourcesBuildPhase;
			buildActionMask = 2147483647;
			files = (
				04980106195330D300E5DCA3 /* TVAppDelegate.m in Sources */,
				04980102195330D300E5DCA3 /* main.m in Sources */,
				0498010C195330D300E5DCA3 /* TVViewController.m in Sources */,
			);
			runOnlyForDeploymentPostprocessing = 0;
		};
		0498010F195330D300E5DCA3 /* Sources */ = {
			isa = PBXSourcesBuildPhase;
			buildActionMask = 2147483647;
			files = (
				04980121195330D300E5DCA3 /* UITableViewController_ChallengeTests.m in Sources */,
			);
			runOnlyForDeploymentPostprocessing = 0;
		};
/* End PBXSourcesBuildPhase section */

/* Begin PBXTargetDependency section */
		04980119195330D300E5DCA3 /* PBXTargetDependency */ = {
			isa = PBXTargetDependency;
			target = 049800F1195330D300E5DCA3 /* UITableViewController Challenge */;
			targetProxy = 04980118195330D300E5DCA3 /* PBXContainerItemProxy */;
		};
/* End PBXTargetDependency section */

/* Begin PBXVariantGroup section */
		049800FE195330D300E5DCA3 /* InfoPlist.strings */ = {
			isa = PBXVariantGroup;
			children = (
				049800FF195330D300E5DCA3 /* en */,
			);
			name = InfoPlist.strings;
			sourceTree = "<group>";
		};
		04980107195330D300E5DCA3 /* Main.storyboard */ = {
			isa = PBXVariantGroup;
			children = (
				04980108195330D300E5DCA3 /* Base */,
			);
			name = Main.storyboard;
			sourceTree = "<group>";
		};
		0498011D195330D300E5DCA3 /* InfoPlist.strings */ = {
			isa = PBXVariantGroup;
			children = (
				0498011E195330D300E5DCA3 /* en */,
			);
			name = InfoPlist.strings;
			sourceTree = "<group>";
		};
/* End PBXVariantGroup section */

/* Begin XCBuildConfiguration section */
		04980122195330D300E5DCA3 /* Debug */ = {
			isa = XCBuildConfiguration;
			buildSettings = {
				ALWAYS_SEARCH_USER_PATHS = NO;
				CLANG_CXX_LANGUAGE_STANDARD = "gnu++0x";
				CLANG_CXX_LIBRARY = "libc++";
				CLANG_ENABLE_MODULES = YES;
				CLANG_ENABLE_OBJC_ARC = YES;
				CLANG_WARN_BOOL_CONVERSION = YES;
				CLANG_WARN_CONSTANT_CONVERSION = YES;
				CLANG_WARN_DIRECT_OBJC_ISA_USAGE = YES_ERROR;
				CLANG_WARN_EMPTY_BODY = YES;
				CLANG_WARN_ENUM_CONVERSION = YES;
				CLANG_WARN_INT_CONVERSION = YES;
				CLANG_WARN_OBJC_ROOT_CLASS = YES_ERROR;
				CLANG_WARN__DUPLICATE_METHOD_MATCH = YES;
				"CODE_SIGN_IDENTITY[sdk=iphoneos*]" = "iPhone Developer";
				COPY_PHASE_STRIP = NO;
				GCC_C_LANGUAGE_STANDARD = gnu99;
				GCC_DYNAMIC_NO_PIC = NO;
				GCC_OPTIMIZATION_LEVEL = 0;
				GCC_PREPROCESSOR_DEFINITIONS = (
					"DEBUG=1",
					"$(inherited)",
				);
				GCC_SYMBOLS_PRIVATE_EXTERN = NO;
				GCC_WARN_64_TO_32_BIT_CONVERSION = YES;
				GCC_WARN_ABOUT_RETURN_TYPE = YES_ERROR;
				GCC_WARN_UNDECLARED_SELECTOR = YES;
				GCC_WARN_UNINITIALIZED_AUTOS = YES_AGGRESSIVE;
				GCC_WARN_UNUSED_FUNCTION = YES;
				GCC_WARN_UNUSED_VARIABLE = YES;
				IPHONEOS_DEPLOYMENT_TARGET = 7.1;
				ONLY_ACTIVE_ARCH = YES;
				SDKROOT = iphoneos;
			};
			name = Debug;
		};
		04980123195330D300E5DCA3 /* Release */ = {
			isa = XCBuildConfiguration;
			buildSettings = {
				ALWAYS_SEARCH_USER_PATHS = NO;
				CLANG_CXX_LANGUAGE_STANDARD = "gnu++0x";
				CLANG_CXX_LIBRARY = "libc++";
				CLANG_ENABLE_MODULES = YES;
				CLANG_ENABLE_OBJC_ARC = YES;
				CLANG_WARN_BOOL_CONVERSION = YES;
				CLANG_WARN_CONSTANT_CONVERSION = YES;
				CLANG_WARN_DIRECT_OBJC_ISA_USAGE = YES_ERROR;
				CLANG_WARN_EMPTY_BODY = YES;
				CLANG_WARN_ENUM_CONVERSION = YES;
				CLANG_WARN_INT_CONVERSION = YES;
				CLANG_WARN_OBJC_ROOT_CLASS = YES_ERROR;
				CLANG_WARN__DUPLICATE_METHOD_MATCH = YES;
				"CODE_SIGN_IDENTITY[sdk=iphoneos*]" = "iPhone Developer";
				COPY_PHASE_STRIP = YES;
				ENABLE_NS_ASSERTIONS = NO;
				GCC_C_LANGUAGE_STANDARD = gnu99;
				GCC_WARN_64_TO_32_BIT_CONVERSION = YES;
				GCC_WARN_ABOUT_RETURN_TYPE = YES_ERROR;
				GCC_WARN_UNDECLARED_SELECTOR = YES;
				GCC_WARN_UNINITIALIZED_AUTOS = YES_AGGRESSIVE;
				GCC_WARN_UNUSED_FUNCTION = YES;
				GCC_WARN_UNUSED_VARIABLE = YES;
				IPHONEOS_DEPLOYMENT_TARGET = 7.1;
				SDKROOT = iphoneos;
				VALIDATE_PRODUCT = YES;
			};
			name = Release;
		};
		04980125195330D300E5DCA3 /* Debug */ = {
			isa = XCBuildConfiguration;
			buildSettings = {
				ASSETCATALOG_COMPILER_APPICON_NAME = AppIcon;
				ASSETCATALOG_COMPILER_LAUNCHIMAGE_NAME = LaunchImage;
				GCC_PRECOMPILE_PREFIX_HEADER = YES;
				GCC_PREFIX_HEADER = "UITableViewController Challenge/UITableViewController Challenge-Prefix.pch";
				INFOPLIST_FILE = "UITableViewController Challenge/UITableViewController Challenge-Info.plist";
				PRODUCT_NAME = "$(TARGET_NAME)";
				WRAPPER_EXTENSION = app;
			};
			name = Debug;
		};
		04980126195330D300E5DCA3 /* Release */ = {
			isa = XCBuildConfiguration;
			buildSettings = {
				ASSETCATALOG_COMPILER_APPICON_NAME = AppIcon;
				ASSETCATALOG_COMPILER_LAUNCHIMAGE_NAME = LaunchImage;
				GCC_PRECOMPILE_PREFIX_HEADER = YES;
				GCC_PREFIX_HEADER = "UITableViewController Challenge/UITableViewController Challenge-Prefix.pch";
				INFOPLIST_FILE = "UITableViewController Challenge/UITableViewController Challenge-Info.plist";
				PRODUCT_NAME = "$(TARGET_NAME)";
				WRAPPER_EXTENSION = app;
			};
			name = Release;
		};
		04980128195330D300E5DCA3 /* Debug */ = {
			isa = XCBuildConfiguration;
			buildSettings = {
				BUNDLE_LOADER = "$(BUILT_PRODUCTS_DIR)/UITableViewController Challenge.app/UITableViewController Challenge";
				FRAMEWORK_SEARCH_PATHS = (
					"$(SDKROOT)/Developer/Library/Frameworks",
					"$(inherited)",
					"$(DEVELOPER_FRAMEWORKS_DIR)",
				);
				GCC_PRECOMPILE_PREFIX_HEADER = YES;
				GCC_PREFIX_HEADER = "UITableViewController Challenge/UITableViewController Challenge-Prefix.pch";
				GCC_PREPROCESSOR_DEFINITIONS = (
					"DEBUG=1",
					"$(inherited)",
				);
				INFOPLIST_FILE = "UITableViewController ChallengeTests/UITableViewController ChallengeTests-Info.plist";
				PRODUCT_NAME = "$(TARGET_NAME)";
				TEST_HOST = "$(BUNDLE_LOADER)";
				WRAPPER_EXTENSION = xctest;
			};
			name = Debug;
		};
		04980129195330D300E5DCA3 /* Release */ = {
			isa = XCBuildConfiguration;
			buildSettings = {
				BUNDLE_LOADER = "$(BUILT_PRODUCTS_DIR)/UITableViewController Challenge.app/UITableViewController Challenge";
				FRAMEWORK_SEARCH_PATHS = (
					"$(SDKROOT)/Developer/Library/Frameworks",
					"$(inherited)",
					"$(DEVELOPER_FRAMEWORKS_DIR)",
				);
				GCC_PRECOMPILE_PREFIX_HEADER = YES;
				GCC_PREFIX_HEADER = "UITableViewController Challenge/UITableViewController Challenge-Prefix.pch";
				INFOPLIST_FILE = "UITableViewController ChallengeTests/UITableViewController ChallengeTests-Info.plist";
				PRODUCT_NAME = "$(TARGET_NAME)";
				TEST_HOST = "$(BUNDLE_LOADER)";
				WRAPPER_EXTENSION = xctest;
			};
			name = Release;
		};
/* End XCBuildConfiguration section */

/* Begin XCConfigurationList section */
		049800ED195330D300E5DCA3 /* Build configuration list for PBXProject "UITableViewController Challenge" */ = {
			isa = XCConfigurationList;
			buildConfigurations = (
				04980122195330D300E5DCA3 /* Debug */,
				04980123195330D300E5DCA3 /* Release */,
			);
			defaultConfigurationIsVisible = 0;
			defaultConfigurationName = Release;
		};
		04980124195330D300E5DCA3 /* Build configuration list for PBXNativeTarget "UITableViewController Challenge" */ = {
			isa = XCConfigurationList;
			buildConfigurations = (
				04980125195330D300E5DCA3 /* Debug */,
				04980126195330D300E5DCA3 /* Release */,
			);
			defaultConfigurationIsVisible = 0;
		};
		04980127195330D300E5DCA3 /* Build configuration list for PBXNativeTarget "UITableViewController ChallengeTests" */ = {
			isa = XCConfigurationList;
			buildConfigurations = (
				04980128195330D300E5DCA3 /* Debug */,
				04980129195330D300E5DCA3 /* Release */,
			);
			defaultConfigurationIsVisible = 0;
		};
/* End XCConfigurationList section */
	};
	rootObject = 049800EA195330D300E5DCA3 /* Project object */;
}
